// !$*UTF8*$!
{
	archiveVersion = 1;
	classes = {
	};
	objectVersion = 46;
	objects = {

/* Begin PBXBuildFile section */
		D40673111D68F92C008BB8EE /* HotelTableViewCell.swift in Sources */ = {isa = PBXBuildFile; fileRef = D40673101D68F92C008BB8EE /* HotelTableViewCell.swift */; };
		D40673131D68FA01008BB8EE /* HotelTableViewController.swift in Sources */ = {isa = PBXBuildFile; fileRef = D40673121D68FA01008BB8EE /* HotelTableViewController.swift */; };
		D40673161D68FF7E008BB8EE /* Alamofire.framework in Frameworks */ = {isa = PBXBuildFile; fileRef = D40673141D68FF7E008BB8EE /* Alamofire.framework */; };
		D40673171D68FF7E008BB8EE /* SwiftyJSON.framework in Frameworks */ = {isa = PBXBuildFile; fileRef = D40673151D68FF7E008BB8EE /* SwiftyJSON.framework */; };
		D40673191D68FFC1008BB8EE /* Alamofire.framework in CopyFiles */ = {isa = PBXBuildFile; fileRef = D40673141D68FF7E008BB8EE /* Alamofire.framework */; settings = {ATTRIBUTES = (CodeSignOnCopy, RemoveHeadersOnCopy, ); }; };
		D406731A1D68FFC1008BB8EE /* SwiftyJSON.framework in CopyFiles */ = {isa = PBXBuildFile; fileRef = D40673151D68FF7E008BB8EE /* SwiftyJSON.framework */; settings = {ATTRIBUTES = (CodeSignOnCopy, RemoveHeadersOnCopy, ); }; };
		D406731C1D6900B0008BB8EE /* Hotel.swift in Sources */ = {isa = PBXBuildFile; fileRef = D406731B1D6900B0008BB8EE /* Hotel.swift */; };
		D406731E1D692163008BB8EE /* SearchViewController.swift in Sources */ = {isa = PBXBuildFile; fileRef = D406731D1D692163008BB8EE /* SearchViewController.swift */; };
		D40673201D692BBC008BB8EE /* HotelViewController.swift in Sources */ = {isa = PBXBuildFile; fileRef = D406731F1D692BBC008BB8EE /* HotelViewController.swift */; };
		D4D23A9C1D6639E200739E93 /* AppDelegate.swift in Sources */ = {isa = PBXBuildFile; fileRef = D4D23A9B1D6639E200739E93 /* AppDelegate.swift */; };
		D4D23A9E1D6639E200739E93 /* LoginViewController.swift in Sources */ = {isa = PBXBuildFile; fileRef = D4D23A9D1D6639E200739E93 /* LoginViewController.swift */; };
		D4D23AA11D6639E200739E93 /* Main.storyboard in Resources */ = {isa = PBXBuildFile; fileRef = D4D23A9F1D6639E200739E93 /* Main.storyboard */; };
		D4D23AA31D6639E200739E93 /* Assets.xcassets in Resources */ = {isa = PBXBuildFile; fileRef = D4D23AA21D6639E200739E93 /* Assets.xcassets */; };
		D4D23AA61D6639E200739E93 /* LaunchScreen.storyboard in Resources */ = {isa = PBXBuildFile; fileRef = D4D23AA41D6639E200739E93 /* LaunchScreen.storyboard */; };
/* End PBXBuildFile section */

/* Begin PBXCopyFilesBuildPhase section */
		D40673181D68FFAD008BB8EE /* CopyFiles */ = {
			isa = PBXCopyFilesBuildPhase;
			buildActionMask = 2147483647;
			dstPath = "";
			dstSubfolderSpec = 10;
			files = (
				D40673191D68FFC1008BB8EE /* Alamofire.framework in CopyFiles */,
				D406731A1D68FFC1008BB8EE /* SwiftyJSON.framework in CopyFiles */,
			);
			runOnlyForDeploymentPostprocessing = 0;
		};
/* End PBXCopyFilesBuildPhase section */

/* Begin PBXFileReference section */
		D40673101D68F92C008BB8EE /* HotelTableViewCell.swift */ = {isa = PBXFileReference; fileEncoding = 4; lastKnownFileType = sourcecode.swift; path = HotelTableViewCell.swift; sourceTree = "<group>"; };
		D40673121D68FA01008BB8EE /* HotelTableViewController.swift */ = {isa = PBXFileReference; fileEncoding = 4; lastKnownFileType = sourcecode.swift; path = HotelTableViewController.swift; sourceTree = "<group>"; };
		D40673141D68FF7E008BB8EE /* Alamofire.framework */ = {isa = PBXFileReference; lastKnownFileType = wrapper.framework; name = Alamofire.framework; path = Carthage/Build/iOS/Alamofire.framework; sourceTree = "<group>"; };
		D40673151D68FF7E008BB8EE /* SwiftyJSON.framework */ = {isa = PBXFileReference; lastKnownFileType = wrapper.framework; name = SwiftyJSON.framework; path = Carthage/Build/iOS/SwiftyJSON.framework; sourceTree = "<group>"; };
		D406731B1D6900B0008BB8EE /* Hotel.swift */ = {isa = PBXFileReference; fileEncoding = 4; lastKnownFileType = sourcecode.swift; path = Hotel.swift; sourceTree = "<group>"; };
		D406731D1D692163008BB8EE /* SearchViewController.swift */ = {isa = PBXFileReference; fileEncoding = 4; lastKnownFileType = sourcecode.swift; path = SearchViewController.swift; sourceTree = "<group>"; };
		D406731F1D692BBC008BB8EE /* HotelViewController.swift */ = {isa = PBXFileReference; fileEncoding = 4; lastKnownFileType = sourcecode.swift; path = HotelViewController.swift; sourceTree = "<group>"; };
		D4D23A981D6639E200739E93 /* HotelFinder.app */ = {isa = PBXFileReference; explicitFileType = wrapper.application; includeInIndex = 0; path = HotelFinder.app; sourceTree = BUILT_PRODUCTS_DIR; };
		D4D23A9B1D6639E200739E93 /* AppDelegate.swift */ = {isa = PBXFileReference; lastKnownFileType = sourcecode.swift; path = AppDelegate.swift; sourceTree = "<group>"; };
		D4D23A9D1D6639E200739E93 /* LoginViewController.swift */ = {isa = PBXFileReference; lastKnownFileType = sourcecode.swift; path = LoginViewController.swift; sourceTree = "<group>"; };
		D4D23AA01D6639E200739E93 /* Base */ = {isa = PBXFileReference; lastKnownFileType = file.storyboard; name = Base; path = Base.lproj/Main.storyboard; sourceTree = "<group>"; };
		D4D23AA21D6639E200739E93 /* Assets.xcassets */ = {isa = PBXFileReference; lastKnownFileType = folder.assetcatalog; path = Assets.xcassets; sourceTree = "<group>"; };
		D4D23AA51D6639E200739E93 /* Base */ = {isa = PBXFileReference; lastKnownFileType = file.storyboard; name = Base; path = Base.lproj/LaunchScreen.storyboard; sourceTree = "<group>"; };
		D4D23AA71D6639E200739E93 /* Info.plist */ = {isa = PBXFileReference; lastKnownFileType = text.plist.xml; path = Info.plist; sourceTree = "<group>"; };
/* End PBXFileReference section */

/* Begin PBXFrameworksBuildPhase section */
		D4D23A951D6639E200739E93 /* Frameworks */ = {
			isa = PBXFrameworksBuildPhase;
			buildActionMask = 2147483647;
			files = (
				D40673161D68FF7E008BB8EE /* Alamofire.framework in Frameworks */,
				D40673171D68FF7E008BB8EE /* SwiftyJSON.framework in Frameworks */,
			);
			runOnlyForDeploymentPostprocessing = 0;
		};
/* End PBXFrameworksBuildPhase section */

/* Begin PBXGroup section */
		D4D23A8F1D6639E200739E93 = {
			isa = PBXGroup;
			children = (
				D40673141D68FF7E008BB8EE /* Alamofire.framework */,
				D40673151D68FF7E008BB8EE /* SwiftyJSON.framework */,
				D4D23A9A1D6639E200739E93 /* HotelFinder */,
				D4D23A991D6639E200739E93 /* Products */,
			);
			sourceTree = "<group>";
		};
		D4D23A991D6639E200739E93 /* Products */ = {
			isa = PBXGroup;
			children = (
				D4D23A981D6639E200739E93 /* HotelFinder.app */,
			);
			name = Products;
			sourceTree = "<group>";
		};
		D4D23A9A1D6639E200739E93 /* HotelFinder */ = {
			isa = PBXGroup;
			children = (
				D4D23A9B1D6639E200739E93 /* AppDelegate.swift */,
				D4D23A9D1D6639E200739E93 /* LoginViewController.swift */,
				D4D23A9F1D6639E200739E93 /* Main.storyboard */,
				D4D23AA21D6639E200739E93 /* Assets.xcassets */,
				D4D23AA41D6639E200739E93 /* LaunchScreen.storyboard */,
				D4D23AA71D6639E200739E93 /* Info.plist */,
				D40673101D68F92C008BB8EE /* HotelTableViewCell.swift */,
				D40673121D68FA01008BB8EE /* HotelTableViewController.swift */,
				D406731B1D6900B0008BB8EE /* Hotel.swift */,
				D406731D1D692163008BB8EE /* SearchViewController.swift */,
				D406731F1D692BBC008BB8EE /* HotelViewController.swift */,
			);
			path = HotelFinder;
			sourceTree = "<group>";
		};
/* End PBXGroup section */

/* Begin PBXNativeTarget section */
		D4D23A971D6639E200739E93 /* HotelFinder */ = {
			isa = PBXNativeTarget;
			buildConfigurationList = D4D23AAA1D6639E200739E93 /* Build configuration list for PBXNativeTarget "HotelFinder" */;
			buildPhases = (
				D4D23A941D6639E200739E93 /* Sources */,
				D4D23A951D6639E200739E93 /* Frameworks */,
				D4D23A961D6639E200739E93 /* Resources */,
				D40673181D68FFAD008BB8EE /* CopyFiles */,
			);
			buildRules = (
			);
			dependencies = (
			);
			name = HotelFinder;
			productName = HotelFinder;
			productReference = D4D23A981D6639E200739E93 /* HotelFinder.app */;
			productType = "com.apple.product-type.application";
		};
/* End PBXNativeTarget section */

/* Begin PBXProject section */
		D4D23A901D6639E200739E93 /* Project object */ = {
			isa = PBXProject;
			attributes = {
				LastSwiftUpdateCheck = 0730;
				LastUpgradeCheck = 0730;
				ORGANIZATIONNAME = "Roberto Merino";
				TargetAttributes = {
					D4D23A971D6639E200739E93 = {
						CreatedOnToolsVersion = 7.3.1;
					};
				};
			};
			buildConfigurationList = D4D23A931D6639E200739E93 /* Build configuration list for PBXProject "HotelFinder" */;
			compatibilityVersion = "Xcode 3.2";
			developmentRegion = English;
			hasScannedForEncodings = 0;
			knownRegions = (
				en,
				Base,
			);
			mainGroup = D4D23A8F1D6639E200739E93;
			productRefGroup = D4D23A991D6639E200739E93 /* Products */;
			projectDirPath = "";
			projectRoot = "";
			targets = (
				D4D23A971D6639E200739E93 /* HotelFinder */,
			);
		};
/* End PBXProject section */

/* Begin PBXResourcesBuildPhase section */
		D4D23A961D6639E200739E93 /* Resources */ = {
			isa = PBXResourcesBuildPhase;
			buildActionMask = 2147483647;
			files = (
				D4D23AA61D6639E200739E93 /* LaunchScreen.storyboard in Resources */,
				D4D23AA31D6639E200739E93 /* Assets.xcassets in Resources */,
				D4D23AA11D6639E200739E93 /* Main.storyboard in Resources */,
			);
			runOnlyForDeploymentPostprocessing = 0;
		};
/* End PBXResourcesBuildPhase section */

/* Begin PBXSourcesBuildPhase section */
		D4D23A941D6639E200739E93 /* Sources */ = {
			isa = PBXSourcesBuildPhase;
			buildActionMask = 2147483647;
			files = (
				D406731E1D692163008BB8EE /* SearchViewController.swift in Sources */,
				D406731C1D6900B0008BB8EE /* Hotel.swift in Sources */,
				D40673201D692BBC008BB8EE /* HotelViewController.swift in Sources */,
				D40673131D68FA01008BB8EE /* HotelTableViewController.swift in Sources */,
				D40673111D68F92C008BB8EE /* HotelTableViewCell.swift in Sources */,
				D4D23A9E1D6639E200739E93 /* LoginViewController.swift in Sources */,
				D4D23A9C1D6639E200739E93 /* AppDelegate.swift in Sources */,
			);
			runOnlyForDeploymentPostprocessing = 0;
		};
/* End PBXSourcesBuildPhase section */

/* Begin PBXVariantGroup section */
		D4D23A9F1D6639E200739E93 /* Main.storyboard */ = {
			isa = PBXVariantGroup;
			children = (
				D4D23AA01D6639E200739E93 /* Base */,
			);
			name = Main.storyboard;
			sourceTree = "<group>";
		};
		D4D23AA41D6639E200739E93 /* LaunchScreen.storyboard */ = {
			isa = PBXVariantGroup;
			children = (
				D4D23AA51D6639E200739E93 /* Base */,
			);
			name = LaunchScreen.storyboard;
			sourceTree = "<group>";
		};
/* End PBXVariantGroup section */

/* Begin XCBuildConfiguration section */
		D4D23AA81D6639E200739E93 /* Debug */ = {
			isa = XCBuildConfiguration;
			buildSettings = {
				ALWAYS_SEARCH_USER_PATHS = NO;
				CLANG_ANALYZER_NONNULL = YES;
				CLANG_CXX_LANGUAGE_STANDARD = "gnu++0x";
				CLANG_CXX_LIBRARY = "libc++";
				CLANG_ENABLE_MODULES = YES;
				CLANG_ENABLE_OBJC_ARC = YES;
				CLANG_WARN_BOOL_CONVERSION = YES;
				CLANG_WARN_CONSTANT_CONVERSION = YES;
				CLANG_WARN_DIRECT_OBJC_ISA_USAGE = YES_ERROR;
				CLANG_WARN_EMPTY_BODY = YES;
				CLANG_WARN_ENUM_CONVERSION = YES;
				CLANG_WARN_INT_CONVERSION = YES;
				CLANG_WARN_OBJC_ROOT_CLASS = YES_ERROR;
				CLANG_WARN_UNREACHABLE_CODE = YES;
				CLANG_WARN__DUPLICATE_METHOD_MATCH = YES;
				"CODE_SIGN_IDENTITY[sdk=iphoneos*]" = "iPhone Developer";
				COPY_PHASE_STRIP = NO;
				DEBUG_INFORMATION_FORMAT = dwarf;
				ENABLE_STRICT_OBJC_MSGSEND = YES;
				ENABLE_TESTABILITY = YES;
				GCC_C_LANGUAGE_STANDARD = gnu99;
				GCC_DYNAMIC_NO_PIC = NO;
				GCC_NO_COMMON_BLOCKS = YES;
				GCC_OPTIMIZATION_LEVEL = 0;
				GCC_PREPROCESSOR_DEFINITIONS = (
					"DEBUG=1",
					"$(inherited)",
				);
				GCC_WARN_64_TO_32_BIT_CONVERSION = YES;
				GCC_WARN_ABOUT_RETURN_TYPE = YES_ERROR;
				GCC_WARN_UNDECLARED_SELECTOR = YES;
				GCC_WARN_UNINITIALIZED_AUTOS = YES_AGGRESSIVE;
				GCC_WARN_UNUSED_FUNCTION = YES;
				GCC_WARN_UNUSED_VARIABLE = YES;
				IPHONEOS_DEPLOYMENT_TARGET = 9.3;
				MTL_ENABLE_DEBUG_INFO = YES;
				ONLY_ACTIVE_ARCH = YES;
				SDKROOT = iphoneos;
				SWIFT_OPTIMIZATION_LEVEL = "-Onone";
				TARGETED_DEVICE_FAMILY = "1,2";
			};
			name = Debug;
		};
		D4D23AA91D6639E200739E93 /* Release */ = {
			isa = XCBuildConfiguration;
			buildSettings = {
				ALWAYS_SEARCH_USER_PATHS = NO;
				CLANG_ANALYZER_NONNULL = YES;
				CLANG_CXX_LANGUAGE_STANDARD = "gnu++0x";
				CLANG_CXX_LIBRARY = "libc++";
				CLANG_ENABLE_MODULES = YES;
				CLANG_ENABLE_OBJC_ARC = YES;
				CLANG_WARN_BOOL_CONVERSION = YES;
				CLANG_WARN_CONSTANT_CONVERSION = YES;
				CLANG_WARN_DIRECT_OBJC_ISA_USAGE = YES_ERROR;
				CLANG_WARN_EMPTY_BODY = YES;
				CLANG_WARN_ENUM_CONVERSION = YES;
				CLANG_WARN_INT_CONVERSION = YES;
				CLANG_WARN_OBJC_ROOT_CLASS = YES_ERROR;
				CLANG_WARN_UNREACHABLE_CODE = YES;
				CLANG_WARN__DUPLICATE_METHOD_MATCH = YES;
				"CODE_SIGN_IDENTITY[sdk=iphoneos*]" = "iPhone Developer";
				COPY_PHASE_STRIP = NO;
				DEBUG_INFORMATION_FORMAT = "dwarf-with-dsym";
				ENABLE_NS_ASSERTIONS = NO;
				ENABLE_STRICT_OBJC_MSGSEND = YES;
				GCC_C_LANGUAGE_STANDARD = gnu99;
				GCC_NO_COMMON_BLOCKS = YES;
				GCC_WARN_64_TO_32_BIT_CONVERSION = YES;
				GCC_WARN_ABOUT_RETURN_TYPE = YES_ERROR;
				GCC_WARN_UNDECLARED_SELECTOR = YES;
				GCC_WARN_UNINITIALIZED_AUTOS = YES_AGGRESSIVE;
				GCC_WARN_UNUSED_FUNCTION = YES;
				GCC_WARN_UNUSED_VARIABLE = YES;
				IPHONEOS_DEPLOYMENT_TARGET = 9.3;
				MTL_ENABLE_DEBUG_INFO = NO;
				SDKROOT = iphoneos;
				TARGETED_DEVICE_FAMILY = "1,2";
				VALIDATE_PRODUCT = YES;
			};
			name = Release;
		};
		D4D23AAB1D6639E200739E93 /* Debug */ = {
			isa = XCBuildConfiguration;
			buildSettings = {
				ASSETCATALOG_COMPILER_APPICON_NAME = AppIcon;
				FRAMEWORK_SEARCH_PATHS = (
					"$(inherited)",
					"$(PROJECT_DIR)/Carthage/Build/iOS",
				);
				INFOPLIST_FILE = HotelFinder/Info.plist;
				LD_RUNPATH_SEARCH_PATHS = "$(inherited) @executable_path/Frameworks";
				PRODUCT_BUNDLE_IDENTIFIER = macaws.net.HotelFinder;
				PRODUCT_NAME = "$(TARGET_NAME)";
			};
			name = Debug;
		};
		D4D23AAC1D6639E200739E93 /* Release */ = {
			isa = XCBuildConfiguration;
			buildSettings = {
				ASSETCATALOG_COMPILER_APPICON_NAME = AppIcon;
				FRAMEWORK_SEARCH_PATHS = (
					"$(inherited)",
					"$(PROJECT_DIR)/Carthage/Build/iOS",
				);
				INFOPLIST_FILE = HotelFinder/Info.plist;
				LD_RUNPATH_SEARCH_PATHS = "$(inherited) @executable_path/Frameworks";
				PRODUCT_BUNDLE_IDENTIFIER = macaws.net.HotelFinder;
				PRODUCT_NAME = "$(TARGET_NAME)";
			};
			name = Release;
		};
/* End XCBuildConfiguration section */

/* Begin XCConfigurationList section */
		D4D23A931D6639E200739E93 /* Build configuration list for PBXProject "HotelFinder" */ = {
			isa = XCConfigurationList;
			buildConfigurations = (
				D4D23AA81D6639E200739E93 /* Debug */,
				D4D23AA91D6639E200739E93 /* Release */,
			);
			defaultConfigurationIsVisible = 0;
			defaultConfigurationName = Release;
		};
		D4D23AAA1D6639E200739E93 /* Build configuration list for PBXNativeTarget "HotelFinder" */ = {
			isa = XCConfigurationList;
			buildConfigurations = (
				D4D23AAB1D6639E200739E93 /* Debug */,
				D4D23AAC1D6639E200739E93 /* Release */,
			);
			defaultConfigurationIsVisible = 0;
			defaultConfigurationName = Release;
		};
/* End XCConfigurationList section */
	};
	rootObject = D4D23A901D6639E200739E93 /* Project object */;
}
